
Microsoft Visual Studio Solution File, Format Version 12.00
# Visual Studio 15
VisualStudioVersion = 15.0.28307.1684
MinimumVisualStudioVersion = 10.0.40219.1
Project("{8BC9CEB8-8B4A-11D0-8D11-00A0C91BC942}") = "avstream_mipi_csi_ov5640", "avstream_mipi_csi_ov5640.vcxproj", "{77FA53EC-3637-411C-B708-C8EED64543A4}"
EndProject
Global
	GlobalSection(SolutionConfigurationPlatforms) = preSolution
		Debug|ARM = Debug|ARM
		Debug|ARM64 = Debug|ARM64
		Debug|x64 = Debug|x64
		Debug|x86 = Debug|x86
		Release|ARM = Release|ARM
		Release|ARM64 = Release|ARM64
		Release|x64 = Release|x64
		Release|x86 = Release|x86
	EndGlobalSection
	GlobalSection(ProjectConfigurationPlatforms) = postSolution
		{77FA53EC-3637-411C-B708-C8EED64543A4}.Debug|ARM.ActiveCfg = Debug|ARM
		{77FA53EC-3637-411C-B708-C8EED64543A4}.Debug|ARM.Build.0 = Debug|ARM
		{77FA53EC-3637-411C-B708-C8EED64543A4}.Debug|ARM.Deploy.0 = Debug|ARM
		{77FA53EC-3637-411C-B708-C8EED64543A4}.Debug|ARM64.ActiveCfg = Debug|ARM64
		{77FA53EC-3637-411C-B708-C8EED64543A4}.Debug|ARM64.Build.0 = Debug|ARM64
		{77FA53EC-3637-411C-B708-C8EED64543A4}.Debug|ARM64.Deploy.0 = Debug|ARM64
		{77FA53EC-3637-411C-B708-C8EED64543A4}.Debug|x64.ActiveCfg = Debug|x64
		{77FA53EC-3637-411C-B708-C8EED64543A4}.Debug|x64.Build.0 = Debug|x64
		{77FA53EC-3637-411C-B708-C8EED64543A4}.Debug|x64.Deploy.0 = Debug|x64
		{77FA53EC-3637-411C-B708-C8EED64543A4}.Debug|x86.ActiveCfg = Debug|Win32
		{77FA53EC-3637-411C-B708-C8EED64543A4}.Debug|x86.Build.0 = Debug|Win32
		{77FA53EC-3637-411C-B708-C8EED64543A4}.Debug|x86.Deploy.0 = Debug|Win32
		{77FA53EC-3637-411C-B708-C8EED64543A4}.Release|ARM.ActiveCfg = Release|ARM
		{77FA53EC-3637-411C-B708-C8EED64543A4}.Release|ARM.Build.0 = Release|ARM
		{77FA53EC-3637-411C-B708-C8EED64543A4}.Release|ARM.Deploy.0 = Release|ARM
		{77FA53EC-3637-411C-B708-C8EED64543A4}.Release|ARM64.ActiveCfg = Release|ARM64
		{77FA53EC-3637-411C-B708-C8EED64543A4}.Release|ARM64.Build.0 = Release|ARM64
		{77FA53EC-3637-411C-B708-C8EED64543A4}.Release|ARM64.Deploy.0 = Release|ARM64
		{77FA53EC-3637-411C-B708-C8EED64543A4}.Release|x64.ActiveCfg = Release|x64
		{77FA53EC-3637-411C-B708-C8EED64543A4}.Release|x64.Build.0 = Release|x64
		{77FA53EC-3637-411C-B708-C8EED64543A4}.Release|x64.Deploy.0 = Release|x64
		{77FA53EC-3637-411C-B708-C8EED64543A4}.Release|x86.ActiveCfg = Release|Win32
		{77FA53EC-3637-411C-B708-C8EED64543A4}.Release|x86.Build.0 = Release|Win32
		{77FA53EC-3637-411C-B708-C8EED64543A4}.Release|x86.Deploy.0 = Release|Win32
	EndGlobalSection
	GlobalSection(SolutionProperties) = preSolution
		HideSolutionNode = FALSE
	EndGlobalSection
	GlobalSection(ExtensibilityGlobals) = postSolution
		SolutionGuid = {49E14EB2-879F-4719-A4A4-0231BE2D3262}
	EndGlobalSection
EndGlobal
