<?xml version="1.0" encoding="utf-8"?>
<Project ToolsVersion="4.0" xmlns="http://schemas.microsoft.com/developer/msbuild/2003">
  <ItemGroup>
    <ClCompile Include="driver.cpp">
      <Filter>Source Files</Filter>
    </ClCompile>
    <ClCompile Include="client.cpp">
      <Filter>Source Files</Filter>
    </ClCompile>
    <ClCompile Include="device.cpp">
      <Filter>Source Files</Filter>
    </ClCompile>
  </ItemGroup>
  <ItemGroup>
    <ClInclude Include="Driver.h">
      <Filter>Header Files</Filter>
    </ClInclude>
    <ClInclude Include="Device.h">
      <Filter>Header Files</Filter>
    </ClInclude>
    <ClInclude Include="SensorsTrace.h">
      <Filter>Header Files</Filter>
    </ClInclude>
    <ClInclude Include="Isl29023.h">
      <Filter>Header Files</Filter>
    </ClInclude>
    <ClInclude Include="resource.h">
      <Filter>Resource Files</Filter>
    </ClInclude>
  </ItemGroup>
  <ItemGroup>
    <Filter Include="Driver Files">
      <UniqueIdentifier>{f02db180-d32c-42c5-84a1-9cc9081b0d05}</UniqueIdentifier>
    </Filter>
    <Filter Include="Resource Files">
      <UniqueIdentifier>{1c0fe8b8-1c52-4f60-8e02-3e0b3ed824b9}</UniqueIdentifier>
    </Filter>
    <Filter Include="Source Files">
      <UniqueIdentifier>{b51fdaab-c817-4b80-8e5e-633991df4d88}</UniqueIdentifier>
    </Filter>
    <Filter Include="Header Files">
      <UniqueIdentifier>{e4dd1677-6853-425f-b99d-38d5c68b5332}</UniqueIdentifier>
    </Filter>
  </ItemGroup>
  <ItemGroup>
    <Inf Include="imxals.inx">
      <Filter>Driver Files</Filter>
    </Inf>
  </ItemGroup>
  <ItemGroup>
    <None Include="imxals.def">
      <Filter>Source Files</Filter>
    </None>
  </ItemGroup>
  <ItemGroup>
    <ResourceCompile Include="imxals.rc">
      <Filter>Resource Files</Filter>
    </ResourceCompile>
  </ItemGroup>
</Project>